
Microsoft Visual Studio Solution File, Format Version 12.00
Project("{FAE04EC0-301F-11D3-BF4B-00C04F79EFBC}") = "Liquibook.NET", "Liquibook.NET\Liquibook.NET.csproj", "{296BE4BA-BEFA-4591-B3EC-FB60D2412008}"
EndProject
Project("{FAE04EC0-301F-11D3-BF4B-00C04F79EFBC}") = "Test", "Test\Test.csproj", "{84430E34-DC46-4445-B67C-DFD9899B3DF7}"
EndProject
Global
	GlobalSection(SolutionConfigurationPlatforms) = preSolution
		Debug|Any CPU = Debug|Any CPU
		Release|Any CPU = Release|Any CPU
	EndGlobalSection
	GlobalSection(ProjectConfigurationPlatforms) = postSolution
		{296BE4BA-BEFA-4591-B3EC-FB60D2412008}.Debug|Any CPU.ActiveCfg = Debug|Any CPU
		{296BE4BA-BEFA-4591-B3EC-FB60D2412008}.Debug|Any CPU.Build.0 = Debug|Any CPU
		{296BE4BA-BEFA-4591-B3EC-FB60D2412008}.Release|Any CPU.ActiveCfg = Release|Any CPU
		{296BE4BA-BEFA-4591-B3EC-FB60D2412008}.Release|Any CPU.Build.0 = Release|Any CPU
		{84430E34-DC46-4445-B67C-DFD9899B3DF7}.Debug|Any CPU.ActiveCfg = Debug|Any CPU
		{84430E34-DC46-4445-B67C-DFD9899B3DF7}.Debug|Any CPU.Build.0 = Debug|Any CPU
		{84430E34-DC46-4445-B67C-DFD9899B3DF7}.Release|Any CPU.ActiveCfg = Release|Any CPU
		{84430E34-DC46-4445-B67C-DFD9899B3DF7}.Release|Any CPU.Build.0 = Release|Any CPU
	EndGlobalSection
EndGlobal
